
Microsoft Visual Studio Solution File, Format Version 12.00
# Visual Studio Version 16
VisualStudioVersion = 16.0.31025.194
MinimumVisualStudioVersion = 10.0.40219.1
Project("{9A19103F-16F7-4668-BE54-9A1E7A4F7556}") = "ToDoIt-ConsoleApp", "ToDoIt-ConsoleApp\ToDoIt-ConsoleApp.csproj", "{AD1B124D-41BC-4CF9-B17F-9F66E944E912}"
EndProject
Project("{9A19103F-16F7-4668-BE54-9A1E7A4F7556}") = "UnitTest", "UnitTest\UnitTest.csproj", "{13096CE5-1DA3-43A8-B618-B80B915BFAF4}"
	ProjectSection(ProjectDependencies) = postProject
		{AD1B124D-41BC-4CF9-B17F-9F66E944E912} = {AD1B124D-41BC-4CF9-B17F-9F66E944E912}
	EndProjectSection
EndProject
Global
	GlobalSection(SolutionConfigurationPlatforms) = preSolution
		Debug|Any CPU = Debug|Any CPU
		Release|Any CPU = Release|Any CPU
	EndGlobalSection
	GlobalSection(ProjectConfigurationPlatforms) = postSolution
		{AD1B124D-41BC-4CF9-B17F-9F66E944E912}.Debug|Any CPU.ActiveCfg = Debug|Any CPU
		{AD1B124D-41BC-4CF9-B17F-9F66E944E912}.Debug|Any CPU.Build.0 = Debug|Any CPU
		{AD1B124D-41BC-4CF9-B17F-9F66E944E912}.Release|Any CPU.ActiveCfg = Release|Any CPU
		{AD1B124D-41BC-4CF9-B17F-9F66E944E912}.Release|Any CPU.Build.0 = Release|Any CPU
		{13096CE5-1DA3-43A8-B618-B80B915BFAF4}.Debug|Any CPU.ActiveCfg = Debug|Any CPU
		{13096CE5-1DA3-43A8-B618-B80B915BFAF4}.Debug|Any CPU.Build.0 = Debug|Any CPU
		{13096CE5-1DA3-43A8-B618-B80B915BFAF4}.Release|Any CPU.ActiveCfg = Release|Any CPU
		{13096CE5-1DA3-43A8-B618-B80B915BFAF4}.Release|Any CPU.Build.0 = Release|Any CPU
	EndGlobalSection
	GlobalSection(SolutionProperties) = preSolution
		HideSolutionNode = FALSE
	EndGlobalSection
	GlobalSection(ExtensibilityGlobals) = postSolution
		SolutionGuid = {62348DF4-073B-4C50-A144-827702CFE566}
	EndGlobalSection
EndGlobal
